
Microsoft Visual Studio Solution File, Format Version 12.00
# Visual Studio Version 16
VisualStudioVersion = 16.0.31019.35
MinimumVisualStudioVersion = 10.0.40219.1
Project("{FAE04EC0-301F-11D3-BF4B-00C04F79EFBC}") = "Calculatrice", "WpfApp1\Calculatrice.csproj", "{8C8A8B5C-7B49-4A12-AF9F-DB7C928F8A95}"
EndProject
Global
	GlobalSection(SolutionConfigurationPlatforms) = preSolution
		Debug|Any CPU = Debug|Any CPU
		Release|Any CPU = Release|Any CPU
	EndGlobalSection
	GlobalSection(ProjectConfigurationPlatforms) = postSolution
		{8C8A8B5C-7B49-4A12-AF9F-DB7C928F8A95}.Debug|Any CPU.ActiveCfg = Debug|Any CPU
		{8C8A8B5C-7B49-4A12-AF9F-DB7C928F8A95}.Debug|Any CPU.Build.0 = Debug|Any CPU
		{8C8A8B5C-7B49-4A12-AF9F-DB7C928F8A95}.Release|Any CPU.ActiveCfg = Release|Any CPU
		{8C8A8B5C-7B49-4A12-AF9F-DB7C928F8A95}.Release|Any CPU.Build.0 = Release|Any CPU
	EndGlobalSection
	GlobalSection(SolutionProperties) = preSolution
		HideSolutionNode = FALSE
	EndGlobalSection
	GlobalSection(ExtensibilityGlobals) = postSolution
		SolutionGuid = {17270776-68EA-4E81-BAEC-F71772355E04}
	EndGlobalSection
EndGlobal
